
Microsoft Visual Studio Solution File, Format Version 12.00
# Visual Studio Version 17
VisualStudioVersion = 17.14.37012.4 d17.14
MinimumVisualStudioVersion = 10.0.40219.1
Project("{FAE04EC0-301F-11D3-BF4B-00C04F79EFBC}") = "oop04", "oop04\oop04.csproj", "{1A9A332F-DBBA-49E9-A06D-ACDBB8CE6D11}"
EndProject
Global
	GlobalSection(SolutionConfigurationPlatforms) = preSolution
		Debug|Any CPU = Debug|Any CPU
		Release|Any CPU = Release|Any CPU
	EndGlobalSection
	GlobalSection(ProjectConfigurationPlatforms) = postSolution
		{1A9A332F-DBBA-49E9-A06D-ACDBB8CE6D11}.Debug|Any CPU.ActiveCfg = Debug|Any CPU
		{1A9A332F-DBBA-49E9-A06D-ACDBB8CE6D11}.Debug|Any CPU.Build.0 = Debug|Any CPU
		{1A9A332F-DBBA-49E9-A06D-ACDBB8CE6D11}.Release|Any CPU.ActiveCfg = Release|Any CPU
		{1A9A332F-DBBA-49E9-A06D-ACDBB8CE6D11}.Release|Any CPU.Build.0 = Release|Any CPU
	EndGlobalSection
	GlobalSection(SolutionProperties) = preSolution
		HideSolutionNode = FALSE
	EndGlobalSection
	GlobalSection(ExtensibilityGlobals) = postSolution
		SolutionGuid = {04847A1D-5AC9-4F85-9A56-423D216936C6}
	EndGlobalSection
EndGlobal
